// !$*UTF8*$!
{
	archiveVersion = 1;
	classes = {
	};
	objectVersion = 48;
	objects = {

/* Begin PBXBuildFile section */
		2C0371382164EADD0015C6E6 /* TemplateViewModel.swift in Sources */ = {isa = PBXBuildFile; fileRef = 2C0371372164EADD0015C6E6 /* TemplateViewModel.swift */; };
		2C0B7B0D20811442006CD214 /* OwnNameCell.swift in Sources */ = {isa = PBXBuildFile; fileRef = 2C0B7B0C20811442006CD214 /* OwnNameCell.swift */; };
		2C14C7532078DFBA00C39462 /* DearCell.swift in Sources */ = {isa = PBXBuildFile; fileRef = 2C14C74D2078DFB900C39462 /* DearCell.swift */; };
		2C14C7542078DFBA00C39462 /* NameCell.swift in Sources */ = {isa = PBXBuildFile; fileRef = 2C14C74E2078DFB900C39462 /* NameCell.swift */; };
		2C14C7552078DFBA00C39462 /* DecruitCell.swift in Sources */ = {isa = PBXBuildFile; fileRef = 2C14C74F2078DFB900C39462 /* DecruitCell.swift */; };
		2C14C7562078DFBA00C39462 /* TextViewCell.swift in Sources */ = {isa = PBXBuildFile; fileRef = 2C14C7502078DFB900C39462 /* TextViewCell.swift */; };
		2C14C7572078DFBA00C39462 /* ByeCell.swift in Sources */ = {isa = PBXBuildFile; fileRef = 2C14C7512078DFBA00C39462 /* ByeCell.swift */; };
		2C14C7582078DFBA00C39462 /* ThankCell.swift in Sources */ = {isa = PBXBuildFile; fileRef = 2C14C7522078DFBA00C39462 /* ThankCell.swift */; };
		2C14C75A2078E24700C39462 /* Composer.swift in Sources */ = {isa = PBXBuildFile; fileRef = 2C14C7592078E24700C39462 /* Composer.swift */; };
		2C1E2FE8217B655B004B5907 /* PrivateTemplateViewModel.swift in Sources */ = {isa = PBXBuildFile; fileRef = 2C1E2FE7217B655B004B5907 /* PrivateTemplateViewModel.swift */; };
		2C380ECF2059A39B009B597F /* AppDelegate.swift in Sources */ = {isa = PBXBuildFile; fileRef = 2C380ECE2059A39B009B597F /* AppDelegate.swift */; };
		2C380ED12059A39B009B597F /* GenerateViewController.swift in Sources */ = {isa = PBXBuildFile; fileRef = 2C380ED02059A39B009B597F /* GenerateViewController.swift */; };
		2C380ED62059A39B009B597F /* Assets.xcassets in Resources */ = {isa = PBXBuildFile; fileRef = 2C380ED52059A39B009B597F /* Assets.xcassets */; };
		2C380ED92059A39B009B597F /* LaunchScreen.storyboard in Resources */ = {isa = PBXBuildFile; fileRef = 2C380ED72059A39B009B597F /* LaunchScreen.storyboard */; };
		2C380EE42059A39B009B597F /* decruiterTests.swift in Sources */ = {isa = PBXBuildFile; fileRef = 2C380EE32059A39B009B597F /* decruiterTests.swift */; };
		2C380EF12059A641009B597F /* UIViewExtension.swift in Sources */ = {isa = PBXBuildFile; fileRef = 2C380EF02059A641009B597F /* UIViewExtension.swift */; };
		2C3AD293205AF86E00A32EF1 /* UIButtonExtension.swift in Sources */ = {isa = PBXBuildFile; fileRef = 2C3AD292205AF86E00A32EF1 /* UIButtonExtension.swift */; };
		2C3AD295205AFC8D00A32EF1 /* UIViewControllerExtension.swift in Sources */ = {isa = PBXBuildFile; fileRef = 2C3AD294205AFC8D00A32EF1 /* UIViewControllerExtension.swift */; };
		2C722DC021541CA100153FBF /* CloudKit.framework in Frameworks */ = {isa = PBXBuildFile; fileRef = 2C722DBF21541CA100153FBF /* CloudKit.framework */; };
		2C722DC4215421C900153FBF /* Template.swift in Sources */ = {isa = PBXBuildFile; fileRef = 2C722DC3215421C900153FBF /* Template.swift */; };
		2C99B429215A506500F76DB5 /* TemplatesHeaderView.swift in Sources */ = {isa = PBXBuildFile; fileRef = 2C99B428215A506500F76DB5 /* TemplatesHeaderView.swift */; };
		2C99B42B215A539E00F76DB5 /* TemplatesCell.swift in Sources */ = {isa = PBXBuildFile; fileRef = 2C99B42A215A539E00F76DB5 /* TemplatesCell.swift */; };
		2CBBD63E205BCC68004B372F /* decruiterUITests.swift in Sources */ = {isa = PBXBuildFile; fileRef = 2CBBD63D205BCC68004B372F /* decruiterUITests.swift */; };
		2CBBD64A205BCD81004B372F /* SnapshotHelper.swift in Sources */ = {isa = PBXBuildFile; fileRef = 2CBBD648205BCD52004B372F /* SnapshotHelper.swift */; };
		2CCCE537215A1CB10084A1C7 /* iCloudHelper.swift in Sources */ = {isa = PBXBuildFile; fileRef = 2CCCE536215A1CB10084A1C7 /* iCloudHelper.swift */; };
		2CCCE539215A29EE0084A1C7 /* AppTabbarController.swift in Sources */ = {isa = PBXBuildFile; fileRef = 2CCCE538215A29EE0084A1C7 /* AppTabbarController.swift */; };
		2CCCE53B215A2A4B0084A1C7 /* TemplatesController.swift in Sources */ = {isa = PBXBuildFile; fileRef = 2CCCE53A215A2A4B0084A1C7 /* TemplatesController.swift */; };
		2CCCE53D215A2AA60084A1C7 /* SettingsController.swift in Sources */ = {isa = PBXBuildFile; fileRef = 2CCCE53C215A2AA60084A1C7 /* SettingsController.swift */; };
		2CCCE53F215A2AF40084A1C7 /* UserTemplatesController.swift in Sources */ = {isa = PBXBuildFile; fileRef = 2CCCE53E215A2AF40084A1C7 /* UserTemplatesController.swift */; };
/* End PBXBuildFile section */

/* Begin PBXContainerItemProxy section */
		2C380EE02059A39B009B597F /* PBXContainerItemProxy */ = {
			isa = PBXContainerItemProxy;
			containerPortal = 2C380EC32059A39B009B597F /* Project object */;
			proxyType = 1;
			remoteGlobalIDString = 2C380ECA2059A39B009B597F;
			remoteInfo = decruiter;
		};
		2CBBD640205BCC68004B372F /* PBXContainerItemProxy */ = {
			isa = PBXContainerItemProxy;
			containerPortal = 2C380EC32059A39B009B597F /* Project object */;
			proxyType = 1;
			remoteGlobalIDString = 2C380ECA2059A39B009B597F;
			remoteInfo = decruiter;
		};
/* End PBXContainerItemProxy section */

/* Begin PBXFileReference section */
		2C0371372164EADD0015C6E6 /* TemplateViewModel.swift */ = {isa = PBXFileReference; lastKnownFileType = sourcecode.swift; path = TemplateViewModel.swift; sourceTree = "<group>"; };
		2C0B7B0C20811442006CD214 /* OwnNameCell.swift */ = {isa = PBXFileReference; lastKnownFileType = sourcecode.swift; path = OwnNameCell.swift; sourceTree = "<group>"; };
		2C14C74D2078DFB900C39462 /* DearCell.swift */ = {isa = PBXFileReference; lastKnownFileType = sourcecode.swift; path = DearCell.swift; sourceTree = "<group>"; };
		2C14C74E2078DFB900C39462 /* NameCell.swift */ = {isa = PBXFileReference; lastKnownFileType = sourcecode.swift; path = NameCell.swift; sourceTree = "<group>"; };
		2C14C74F2078DFB900C39462 /* DecruitCell.swift */ = {isa = PBXFileReference; lastKnownFileType = sourcecode.swift; path = DecruitCell.swift; sourceTree = "<group>"; };
		2C14C7502078DFB900C39462 /* TextViewCell.swift */ = {isa = PBXFileReference; lastKnownFileType = sourcecode.swift; path = TextViewCell.swift; sourceTree = "<group>"; };
		2C14C7512078DFBA00C39462 /* ByeCell.swift */ = {isa = PBXFileReference; lastKnownFileType = sourcecode.swift; path = ByeCell.swift; sourceTree = "<group>"; };
		2C14C7522078DFBA00C39462 /* ThankCell.swift */ = {isa = PBXFileReference; lastKnownFileType = sourcecode.swift; path = ThankCell.swift; sourceTree = "<group>"; };
		2C14C7592078E24700C39462 /* Composer.swift */ = {isa = PBXFileReference; lastKnownFileType = sourcecode.swift; path = Composer.swift; sourceTree = "<group>"; };
		2C1E2FE7217B655B004B5907 /* PrivateTemplateViewModel.swift */ = {isa = PBXFileReference; lastKnownFileType = sourcecode.swift; path = PrivateTemplateViewModel.swift; sourceTree = "<group>"; };
		2C380ECB2059A39B009B597F /* decruiter.app */ = {isa = PBXFileReference; explicitFileType = wrapper.application; includeInIndex = 0; path = decruiter.app; sourceTree = BUILT_PRODUCTS_DIR; };
		2C380ECE2059A39B009B597F /* AppDelegate.swift */ = {isa = PBXFileReference; lastKnownFileType = sourcecode.swift; path = AppDelegate.swift; sourceTree = "<group>"; };
		2C380ED02059A39B009B597F /* GenerateViewController.swift */ = {isa = PBXFileReference; lastKnownFileType = sourcecode.swift; path = GenerateViewController.swift; sourceTree = "<group>"; };
		2C380ED52059A39B009B597F /* Assets.xcassets */ = {isa = PBXFileReference; lastKnownFileType = folder.assetcatalog; path = Assets.xcassets; sourceTree = "<group>"; };
		2C380ED82059A39B009B597F /* Base */ = {isa = PBXFileReference; lastKnownFileType = file.storyboard; name = Base; path = Base.lproj/LaunchScreen.storyboard; sourceTree = "<group>"; };
		2C380EDA2059A39B009B597F /* Info.plist */ = {isa = PBXFileReference; lastKnownFileType = text.plist.xml; path = Info.plist; sourceTree = "<group>"; };
		2C380EDF2059A39B009B597F /* decruiterTests.xctest */ = {isa = PBXFileReference; explicitFileType = wrapper.cfbundle; includeInIndex = 0; path = decruiterTests.xctest; sourceTree = BUILT_PRODUCTS_DIR; };
		2C380EE32059A39B009B597F /* decruiterTests.swift */ = {isa = PBXFileReference; lastKnownFileType = sourcecode.swift; path = decruiterTests.swift; sourceTree = "<group>"; };
		2C380EE52059A39B009B597F /* Info.plist */ = {isa = PBXFileReference; lastKnownFileType = text.plist.xml; path = Info.plist; sourceTree = "<group>"; };
		2C380EF02059A641009B597F /* UIViewExtension.swift */ = {isa = PBXFileReference; fileEncoding = 4; lastKnownFileType = sourcecode.swift; path = UIViewExtension.swift; sourceTree = "<group>"; };
		2C3AD292205AF86E00A32EF1 /* UIButtonExtension.swift */ = {isa = PBXFileReference; lastKnownFileType = sourcecode.swift; path = UIButtonExtension.swift; sourceTree = "<group>"; };
		2C3AD294205AFC8D00A32EF1 /* UIViewControllerExtension.swift */ = {isa = PBXFileReference; lastKnownFileType = sourcecode.swift; path = UIViewControllerExtension.swift; sourceTree = "<group>"; };
		2C722DBB21541AF700153FBF /* decruiter.entitlements */ = {isa = PBXFileReference; lastKnownFileType = text.plist.entitlements; path = decruiter.entitlements; sourceTree = "<group>"; };
		2C722DBF21541CA100153FBF /* CloudKit.framework */ = {isa = PBXFileReference; lastKnownFileType = wrapper.framework; name = CloudKit.framework; path = System/Library/Frameworks/CloudKit.framework; sourceTree = SDKROOT; };
		2C722DC3215421C900153FBF /* Template.swift */ = {isa = PBXFileReference; lastKnownFileType = sourcecode.swift; path = Template.swift; sourceTree = "<group>"; };
		2C99B428215A506500F76DB5 /* TemplatesHeaderView.swift */ = {isa = PBXFileReference; lastKnownFileType = sourcecode.swift; path = TemplatesHeaderView.swift; sourceTree = "<group>"; };
		2C99B42A215A539E00F76DB5 /* TemplatesCell.swift */ = {isa = PBXFileReference; lastKnownFileType = sourcecode.swift; path = TemplatesCell.swift; sourceTree = "<group>"; };
		2CBBD63B205BCC68004B372F /* decruiterUITests.xctest */ = {isa = PBXFileReference; explicitFileType = wrapper.cfbundle; includeInIndex = 0; path = decruiterUITests.xctest; sourceTree = BUILT_PRODUCTS_DIR; };
		2CBBD63D205BCC68004B372F /* decruiterUITests.swift */ = {isa = PBXFileReference; lastKnownFileType = sourcecode.swift; path = decruiterUITests.swift; sourceTree = "<group>"; };
		2CBBD63F205BCC68004B372F /* Info.plist */ = {isa = PBXFileReference; lastKnownFileType = text.plist.xml; path = Info.plist; sourceTree = "<group>"; };
		2CBBD648205BCD52004B372F /* SnapshotHelper.swift */ = {isa = PBXFileReference; fileEncoding = 4; lastKnownFileType = sourcecode.swift; name = SnapshotHelper.swift; path = decruiterUITests/SnapshotHelper.swift; sourceTree = SOURCE_ROOT; };
		2CCCE536215A1CB10084A1C7 /* iCloudHelper.swift */ = {isa = PBXFileReference; lastKnownFileType = sourcecode.swift; path = iCloudHelper.swift; sourceTree = "<group>"; };
		2CCCE538215A29EE0084A1C7 /* AppTabbarController.swift */ = {isa = PBXFileReference; lastKnownFileType = sourcecode.swift; path = AppTabbarController.swift; sourceTree = "<group>"; };
		2CCCE53A215A2A4B0084A1C7 /* TemplatesController.swift */ = {isa = PBXFileReference; lastKnownFileType = sourcecode.swift; path = TemplatesController.swift; sourceTree = "<group>"; };
		2CCCE53C215A2AA60084A1C7 /* SettingsController.swift */ = {isa = PBXFileReference; lastKnownFileType = sourcecode.swift; path = SettingsController.swift; sourceTree = "<group>"; };
		2CCCE53E215A2AF40084A1C7 /* UserTemplatesController.swift */ = {isa = PBXFileReference; lastKnownFileType = sourcecode.swift; path = UserTemplatesController.swift; sourceTree = "<group>"; };
/* End PBXFileReference section */

/* Begin PBXFrameworksBuildPhase section */
		2C380EC82059A39B009B597F /* Frameworks */ = {
			isa = PBXFrameworksBuildPhase;
			buildActionMask = 2147483647;
			files = (
				2C722DC021541CA100153FBF /* CloudKit.framework in Frameworks */,
			);
			runOnlyForDeploymentPostprocessing = 0;
		};
		2C380EDC2059A39B009B597F /* Frameworks */ = {
			isa = PBXFrameworksBuildPhase;
			buildActionMask = 2147483647;
			files = (
			);
			runOnlyForDeploymentPostprocessing = 0;
		};
		2CBBD638205BCC68004B372F /* Frameworks */ = {
			isa = PBXFrameworksBuildPhase;
			buildActionMask = 2147483647;
			files = (
			);
			runOnlyForDeploymentPostprocessing = 0;
		};
/* End PBXFrameworksBuildPhase section */

/* Begin PBXGroup section */
		2C380EC22059A39B009B597F = {
			isa = PBXGroup;
			children = (
				2C380ECD2059A39B009B597F /* decruiter */,
				2C380EE22059A39B009B597F /* decruiterTests */,
				2CBBD63C205BCC68004B372F /* decruiterUITests */,
				2C380ECC2059A39B009B597F /* Products */,
				2C722DBC21541AF900153FBF /* Frameworks */,
			);
			sourceTree = "<group>";
		};
		2C380ECC2059A39B009B597F /* Products */ = {
			isa = PBXGroup;
			children = (
				2C380ECB2059A39B009B597F /* decruiter.app */,
				2C380EDF2059A39B009B597F /* decruiterTests.xctest */,
				2CBBD63B205BCC68004B372F /* decruiterUITests.xctest */,
			);
			name = Products;
			sourceTree = "<group>";
		};
		2C380ECD2059A39B009B597F /* decruiter */ = {
			isa = PBXGroup;
			children = (
				2C722DBB21541AF700153FBF /* decruiter.entitlements */,
				2C99B426215A4D6E00F76DB5 /* Application */,
				2C99B422215A4D3300F76DB5 /* Controller */,
				2C99B424215A4D4E00F76DB5 /* Helper */,
				2C99B425215A4D6500F76DB5 /* Model */,
				2C380ED52059A39B009B597F /* Assets.xcassets */,
				2C380ED72059A39B009B597F /* LaunchScreen.storyboard */,
				2C380EDA2059A39B009B597F /* Info.plist */,
			);
			path = decruiter;
			sourceTree = "<group>";
		};
		2C380EE22059A39B009B597F /* decruiterTests */ = {
			isa = PBXGroup;
			children = (
				2C380EE32059A39B009B597F /* decruiterTests.swift */,
				2C380EE52059A39B009B597F /* Info.plist */,
			);
			path = decruiterTests;
			sourceTree = "<group>";
		};
		2C722DBC21541AF900153FBF /* Frameworks */ = {
			isa = PBXGroup;
			children = (
				2C722DBF21541CA100153FBF /* CloudKit.framework */,
			);
			name = Frameworks;
			sourceTree = "<group>";
		};
		2C99B422215A4D3300F76DB5 /* Controller */ = {
			isa = PBXGroup;
			children = (
				2C99B423215A4D4300F76DB5 /* ViewModel */,
				2C99B427215A4D7C00F76DB5 /* Cells */,
				2CCCE538215A29EE0084A1C7 /* AppTabbarController.swift */,
				2CCCE53E215A2AF40084A1C7 /* UserTemplatesController.swift */,
				2CCCE53A215A2A4B0084A1C7 /* TemplatesController.swift */,
				2C99B42A215A539E00F76DB5 /* TemplatesCell.swift */,
				2C99B428215A506500F76DB5 /* TemplatesHeaderView.swift */,
				2CCCE53C215A2AA60084A1C7 /* SettingsController.swift */,
				2C380ED02059A39B009B597F /* GenerateViewController.swift */,
			);
			path = Controller;
			sourceTree = "<group>";
		};
		2C99B423215A4D4300F76DB5 /* ViewModel */ = {
			isa = PBXGroup;
			children = (
				2C0371372164EADD0015C6E6 /* TemplateViewModel.swift */,
				2C1E2FE7217B655B004B5907 /* PrivateTemplateViewModel.swift */,
			);
			path = ViewModel;
			sourceTree = "<group>";
		};
		2C99B424215A4D4E00F76DB5 /* Helper */ = {
			isa = PBXGroup;
			children = (
				2C14C7592078E24700C39462 /* Composer.swift */,
				2CCCE536215A1CB10084A1C7 /* iCloudHelper.swift */,
				2C3AD292205AF86E00A32EF1 /* UIButtonExtension.swift */,
				2C380EF02059A641009B597F /* UIViewExtension.swift */,
				2C3AD294205AFC8D00A32EF1 /* UIViewControllerExtension.swift */,
			);
			path = Helper;
			sourceTree = "<group>";
		};
		2C99B425215A4D6500F76DB5 /* Model */ = {
			isa = PBXGroup;
			children = (
				2C722DC3215421C900153FBF /* Template.swift */,
			);
			path = Model;
			sourceTree = "<group>";
		};
		2C99B426215A4D6E00F76DB5 /* Application */ = {
			isa = PBXGroup;
			children = (
				2C380ECE2059A39B009B597F /* AppDelegate.swift */,
			);
			path = Application;
			sourceTree = "<group>";
		};
		2C99B427215A4D7C00F76DB5 /* Cells */ = {
			isa = PBXGroup;
			children = (
				2C14C74D2078DFB900C39462 /* DearCell.swift */,
				2C0B7B0C20811442006CD214 /* OwnNameCell.swift */,
				2C14C74F2078DFB900C39462 /* DecruitCell.swift */,
				2C14C74E2078DFB900C39462 /* NameCell.swift */,
				2C14C7502078DFB900C39462 /* TextViewCell.swift */,
				2C14C7522078DFBA00C39462 /* ThankCell.swift */,
				2C14C7512078DFBA00C39462 /* ByeCell.swift */,
			);
			path = Cells;
			sourceTree = "<group>";
		};
		2CBBD63C205BCC68004B372F /* decruiterUITests */ = {
			isa = PBXGroup;
			children = (
				2CBBD648205BCD52004B372F /* SnapshotHelper.swift */,
				2CBBD63D205BCC68004B372F /* decruiterUITests.swift */,
				2CBBD63F205BCC68004B372F /* Info.plist */,
			);
			path = decruiterUITests;
			sourceTree = "<group>";
		};
/* End PBXGroup section */

/* Begin PBXNativeTarget section */
		2C380ECA2059A39B009B597F /* decruiter */ = {
			isa = PBXNativeTarget;
			buildConfigurationList = 2C380EE82059A39B009B597F /* Build configuration list for PBXNativeTarget "decruiter" */;
			buildPhases = (
				2C380EC72059A39B009B597F /* Sources */,
				2C380EC82059A39B009B597F /* Frameworks */,
				2C380EC92059A39B009B597F /* Resources */,
			);
			buildRules = (
			);
			dependencies = (
			);
			name = decruiter;
			productName = decruiter;
			productReference = 2C380ECB2059A39B009B597F /* decruiter.app */;
			productType = "com.apple.product-type.application";
		};
		2C380EDE2059A39B009B597F /* decruiterTests */ = {
			isa = PBXNativeTarget;
			buildConfigurationList = 2C380EEB2059A39B009B597F /* Build configuration list for PBXNativeTarget "decruiterTests" */;
			buildPhases = (
				2C380EDB2059A39B009B597F /* Sources */,
				2C380EDC2059A39B009B597F /* Frameworks */,
				2C380EDD2059A39B009B597F /* Resources */,
			);
			buildRules = (
			);
			dependencies = (
				2C380EE12059A39B009B597F /* PBXTargetDependency */,
			);
			name = decruiterTests;
			productName = decruiterTests;
			productReference = 2C380EDF2059A39B009B597F /* decruiterTests.xctest */;
			productType = "com.apple.product-type.bundle.unit-test";
		};
		2CBBD63A205BCC68004B372F /* decruiterUITests */ = {
			isa = PBXNativeTarget;
			buildConfigurationList = 2CBBD644205BCC68004B372F /* Build configuration list for PBXNativeTarget "decruiterUITests" */;
			buildPhases = (
				2CBBD637205BCC68004B372F /* Sources */,
				2CBBD638205BCC68004B372F /* Frameworks */,
				2CBBD639205BCC68004B372F /* Resources */,
			);
			buildRules = (
			);
			dependencies = (
				2CBBD641205BCC68004B372F /* PBXTargetDependency */,
			);
			name = decruiterUITests;
			productName = decruiterUITests;
			productReference = 2CBBD63B205BCC68004B372F /* decruiterUITests.xctest */;
			productType = "com.apple.product-type.bundle.ui-testing";
		};
/* End PBXNativeTarget section */

/* Begin PBXProject section */
		2C380EC32059A39B009B597F /* Project object */ = {
			isa = PBXProject;
			attributes = {
				LastSwiftUpdateCheck = 0920;
				LastUpgradeCheck = 0930;
				ORGANIZATIONNAME = "Marcus Hopp";
				TargetAttributes = {
					2C380ECA2059A39B009B597F = {
						CreatedOnToolsVersion = 9.2;
						LastSwiftMigration = 1000;
						ProvisioningStyle = Manual;
						SystemCapabilities = {
							com.apple.BackgroundModes = {
								enabled = 1;
							};
							com.apple.Push = {
								enabled = 1;
							};
							com.apple.iCloud = {
								enabled = 1;
							};
						};
					};
					2C380EDE2059A39B009B597F = {
						CreatedOnToolsVersion = 9.2;
						LastSwiftMigration = 1000;
						ProvisioningStyle = Automatic;
						TestTargetID = 2C380ECA2059A39B009B597F;
					};
					2CBBD63A205BCC68004B372F = {
						CreatedOnToolsVersion = 9.2;
						LastSwiftMigration = 1000;
						ProvisioningStyle = Automatic;
						TestTargetID = 2C380ECA2059A39B009B597F;
					};
				};
			};
			buildConfigurationList = 2C380EC62059A39B009B597F /* Build configuration list for PBXProject "decruiter" */;
			compatibilityVersion = "Xcode 8.0";
			developmentRegion = en;
			hasScannedForEncodings = 0;
			knownRegions = (
				en,
				Base,
			);
			mainGroup = 2C380EC22059A39B009B597F;
			productRefGroup = 2C380ECC2059A39B009B597F /* Products */;
			projectDirPath = "";
			projectRoot = "";
			targets = (
				2C380ECA2059A39B009B597F /* decruiter */,
				2C380EDE2059A39B009B597F /* decruiterTests */,
				2CBBD63A205BCC68004B372F /* decruiterUITests */,
			);
		};
/* End PBXProject section */

/* Begin PBXResourcesBuildPhase section */
		2C380EC92059A39B009B597F /* Resources */ = {
			isa = PBXResourcesBuildPhase;
			buildActionMask = 2147483647;
			files = (
				2C380ED92059A39B009B597F /* LaunchScreen.storyboard in Resources */,
				2C380ED62059A39B009B597F /* Assets.xcassets in Resources */,
			);
			runOnlyForDeploymentPostprocessing = 0;
		};
		2C380EDD2059A39B009B597F /* Resources */ = {
			isa = PBXResourcesBuildPhase;
			buildActionMask = 2147483647;
			files = (
			);
			runOnlyForDeploymentPostprocessing = 0;
		};
		2CBBD639205BCC68004B372F /* Resources */ = {
			isa = PBXResourcesBuildPhase;
			buildActionMask = 2147483647;
			files = (
			);
			runOnlyForDeploymentPostprocessing = 0;
		};
/* End PBXResourcesBuildPhase section */

/* Begin PBXSourcesBuildPhase section */
		2C380EC72059A39B009B597F /* Sources */ = {
			isa = PBXSourcesBuildPhase;
			buildActionMask = 2147483647;
			files = (
				2C0371382164EADD0015C6E6 /* TemplateViewModel.swift in Sources */,
				2C14C7562078DFBA00C39462 /* TextViewCell.swift in Sources */,
				2CCCE53B215A2A4B0084A1C7 /* TemplatesController.swift in Sources */,
				2CCCE53F215A2AF40084A1C7 /* UserTemplatesController.swift in Sources */,
				2C380EF12059A641009B597F /* UIViewExtension.swift in Sources */,
				2C380ED12059A39B009B597F /* GenerateViewController.swift in Sources */,
				2CCCE539215A29EE0084A1C7 /* AppTabbarController.swift in Sources */,
				2C14C7542078DFBA00C39462 /* NameCell.swift in Sources */,
				2C14C7572078DFBA00C39462 /* ByeCell.swift in Sources */,
				2C14C75A2078E24700C39462 /* Composer.swift in Sources */,
				2C99B42B215A539E00F76DB5 /* TemplatesCell.swift in Sources */,
				2C380ECF2059A39B009B597F /* AppDelegate.swift in Sources */,
				2C1E2FE8217B655B004B5907 /* PrivateTemplateViewModel.swift in Sources */,
				2C14C7552078DFBA00C39462 /* DecruitCell.swift in Sources */,
				2C722DC4215421C900153FBF /* Template.swift in Sources */,
				2C14C7532078DFBA00C39462 /* DearCell.swift in Sources */,
				2C3AD295205AFC8D00A32EF1 /* UIViewControllerExtension.swift in Sources */,
				2C0B7B0D20811442006CD214 /* OwnNameCell.swift in Sources */,
				2CCCE53D215A2AA60084A1C7 /* SettingsController.swift in Sources */,
				2CCCE537215A1CB10084A1C7 /* iCloudHelper.swift in Sources */,
				2C3AD293205AF86E00A32EF1 /* UIButtonExtension.swift in Sources */,
				2C99B429215A506500F76DB5 /* TemplatesHeaderView.swift in Sources */,
				2C14C7582078DFBA00C39462 /* ThankCell.swift in Sources */,
			);
			runOnlyForDeploymentPostprocessing = 0;
		};
		2C380EDB2059A39B009B597F /* Sources */ = {
			isa = PBXSourcesBuildPhase;
			buildActionMask = 2147483647;
			files = (
				2C380EE42059A39B009B597F /* decruiterTests.swift in Sources */,
			);
			runOnlyForDeploymentPostprocessing = 0;
		};
		2CBBD637205BCC68004B372F /* Sources */ = {
			isa = PBXSourcesBuildPhase;
			buildActionMask = 2147483647;
			files = (
				2CBBD63E205BCC68004B372F /* decruiterUITests.swift in Sources */,
				2CBBD64A205BCD81004B372F /* SnapshotHelper.swift in Sources */,
			);
			runOnlyForDeploymentPostprocessing = 0;
		};
/* End PBXSourcesBuildPhase section */

/* Begin PBXTargetDependency section */
		2C380EE12059A39B009B597F /* PBXTargetDependency */ = {
			isa = PBXTargetDependency;
			target = 2C380ECA2059A39B009B597F /* decruiter */;
			targetProxy = 2C380EE02059A39B009B597F /* PBXContainerItemProxy */;
		};
		2CBBD641205BCC68004B372F /* PBXTargetDependency */ = {
			isa = PBXTargetDependency;
			target = 2C380ECA2059A39B009B597F /* decruiter */;
			targetProxy = 2CBBD640205BCC68004B372F /* PBXContainerItemProxy */;
		};
/* End PBXTargetDependency section */

/* Begin PBXVariantGroup section */
		2C380ED72059A39B009B597F /* LaunchScreen.storyboard */ = {
			isa = PBXVariantGroup;
			children = (
				2C380ED82059A39B009B597F /* Base */,
			);
			name = LaunchScreen.storyboard;
			sourceTree = "<group>";
		};
/* End PBXVariantGroup section */

/* Begin XCBuildConfiguration section */
		2C380EE62059A39B009B597F /* Debug */ = {
			isa = XCBuildConfiguration;
			buildSettings = {
				ALWAYS_SEARCH_USER_PATHS = NO;
				CLANG_ANALYZER_NONNULL = YES;
				CLANG_ANALYZER_NUMBER_OBJECT_CONVERSION = YES_AGGRESSIVE;
				CLANG_CXX_LANGUAGE_STANDARD = "gnu++14";
				CLANG_CXX_LIBRARY = "libc++";
				CLANG_ENABLE_MODULES = YES;
				CLANG_ENABLE_OBJC_ARC = YES;
				CLANG_WARN_BLOCK_CAPTURE_AUTORELEASING = YES;
				CLANG_WARN_BOOL_CONVERSION = YES;
				CLANG_WARN_COMMA = YES;
				CLANG_WARN_CONSTANT_CONVERSION = YES;
				CLANG_WARN_DEPRECATED_OBJC_IMPLEMENTATIONS = YES;
				CLANG_WARN_DIRECT_OBJC_ISA_USAGE = YES_ERROR;
				CLANG_WARN_DOCUMENTATION_COMMENTS = YES;
				CLANG_WARN_EMPTY_BODY = YES;
				CLANG_WARN_ENUM_CONVERSION = YES;
				CLANG_WARN_INFINITE_RECURSION = YES;
				CLANG_WARN_INT_CONVERSION = YES;
				CLANG_WARN_NON_LITERAL_NULL_CONVERSION = YES;
				CLANG_WARN_OBJC_IMPLICIT_RETAIN_SELF = YES;
				CLANG_WARN_OBJC_LITERAL_CONVERSION = YES;
				CLANG_WARN_OBJC_ROOT_CLASS = YES_ERROR;
				CLANG_WARN_RANGE_LOOP_ANALYSIS = YES;
				CLANG_WARN_STRICT_PROTOTYPES = YES;
				CLANG_WARN_SUSPICIOUS_MOVE = YES;
				CLANG_WARN_UNGUARDED_AVAILABILITY = YES_AGGRESSIVE;
				CLANG_WARN_UNREACHABLE_CODE = YES;
				CLANG_WARN__DUPLICATE_METHOD_MATCH = YES;
				CODE_SIGN_IDENTITY = "iPhone Developer";
				COPY_PHASE_STRIP = NO;
				DEBUG_INFORMATION_FORMAT = dwarf;
				ENABLE_STRICT_OBJC_MSGSEND = YES;
				ENABLE_TESTABILITY = YES;
				GCC_C_LANGUAGE_STANDARD = gnu11;
				GCC_DYNAMIC_NO_PIC = NO;
				GCC_NO_COMMON_BLOCKS = YES;
				GCC_OPTIMIZATION_LEVEL = 0;
				GCC_PREPROCESSOR_DEFINITIONS = (
					"DEBUG=1",
					"$(inherited)",
				);
				GCC_WARN_64_TO_32_BIT_CONVERSION = YES;
				GCC_WARN_ABOUT_RETURN_TYPE = YES_ERROR;
				GCC_WARN_UNDECLARED_SELECTOR = YES;
				GCC_WARN_UNINITIALIZED_AUTOS = YES_AGGRESSIVE;
				GCC_WARN_UNUSED_FUNCTION = YES;
				GCC_WARN_UNUSED_VARIABLE = YES;
				IPHONEOS_DEPLOYMENT_TARGET = 11.2;
				MTL_ENABLE_DEBUG_INFO = YES;
				ONLY_ACTIVE_ARCH = YES;
				SDKROOT = iphoneos;
				SWIFT_ACTIVE_COMPILATION_CONDITIONS = DEBUG;
				SWIFT_OPTIMIZATION_LEVEL = "-Onone";
			};
			name = Debug;
		};
		2C380EE72059A39B009B597F /* Release */ = {
			isa = XCBuildConfiguration;
			buildSettings = {
				ALWAYS_SEARCH_USER_PATHS = NO;
				CLANG_ANALYZER_NONNULL = YES;
				CLANG_ANALYZER_NUMBER_OBJECT_CONVERSION = YES_AGGRESSIVE;
				CLANG_CXX_LANGUAGE_STANDARD = "gnu++14";
				CLANG_CXX_LIBRARY = "libc++";
				CLANG_ENABLE_MODULES = YES;
				CLANG_ENABLE_OBJC_ARC = YES;
				CLANG_WARN_BLOCK_CAPTURE_AUTORELEASING = YES;
				CLANG_WARN_BOOL_CONVERSION = YES;
				CLANG_WARN_COMMA = YES;
				CLANG_WARN_CONSTANT_CONVERSION = YES;
				CLANG_WARN_DEPRECATED_OBJC_IMPLEMENTATIONS = YES;
				CLANG_WARN_DIRECT_OBJC_ISA_USAGE = YES_ERROR;
				CLANG_WARN_DOCUMENTATION_COMMENTS = YES;
				CLANG_WARN_EMPTY_BODY = YES;
				CLANG_WARN_ENUM_CONVERSION = YES;
				CLANG_WARN_INFINITE_RECURSION = YES;
				CLANG_WARN_INT_CONVERSION = YES;
				CLANG_WARN_NON_LITERAL_NULL_CONVERSION = YES;
				CLANG_WARN_OBJC_IMPLICIT_RETAIN_SELF = YES;
				CLANG_WARN_OBJC_LITERAL_CONVERSION = YES;
				CLANG_WARN_OBJC_ROOT_CLASS = YES_ERROR;
				CLANG_WARN_RANGE_LOOP_ANALYSIS = YES;
				CLANG_WARN_STRICT_PROTOTYPES = YES;
				CLANG_WARN_SUSPICIOUS_MOVE = YES;
				CLANG_WARN_UNGUARDED_AVAILABILITY = YES_AGGRESSIVE;
				CLANG_WARN_UNREACHABLE_CODE = YES;
				CLANG_WARN__DUPLICATE_METHOD_MATCH = YES;
				CODE_SIGN_IDENTITY = "iPhone Developer";
				COPY_PHASE_STRIP = NO;
				DEBUG_INFORMATION_FORMAT = "dwarf-with-dsym";
				ENABLE_NS_ASSERTIONS = NO;
				ENABLE_STRICT_OBJC_MSGSEND = YES;
				GCC_C_LANGUAGE_STANDARD = gnu11;
				GCC_NO_COMMON_BLOCKS = YES;
				GCC_WARN_64_TO_32_BIT_CONVERSION = YES;
				GCC_WARN_ABOUT_RETURN_TYPE = YES_ERROR;
				GCC_WARN_UNDECLARED_SELECTOR = YES;
				GCC_WARN_UNINITIALIZED_AUTOS = YES_AGGRESSIVE;
				GCC_WARN_UNUSED_FUNCTION = YES;
				GCC_WARN_UNUSED_VARIABLE = YES;
				IPHONEOS_DEPLOYMENT_TARGET = 11.2;
				MTL_ENABLE_DEBUG_INFO = NO;
				SDKROOT = iphoneos;
				SWIFT_OPTIMIZATION_LEVEL = "-Owholemodule";
				VALIDATE_PRODUCT = YES;
			};
			name = Release;
		};
		2C380EE92059A39B009B597F /* Debug */ = {
			isa = XCBuildConfiguration;
			buildSettings = {
				ASSETCATALOG_COMPILER_APPICON_NAME = AppIcon;
				CODE_SIGN_ENTITLEMENTS = decruiter/decruiter.entitlements;
				CODE_SIGN_IDENTITY = "iPhone Developer";
				CODE_SIGN_STYLE = Manual;
				CURRENT_PROJECT_VERSION = 9;
				DEVELOPMENT_TEAM = P44T5L7ZND;
				INFOPLIST_FILE = decruiter/Info.plist;
				IPHONEOS_DEPLOYMENT_TARGET = 11;
				LD_RUNPATH_SEARCH_PATHS = "$(inherited) @executable_path/Frameworks";
				PRODUCT_BUNDLE_IDENTIFIER = com.mrc5.decruiter;
				PRODUCT_NAME = "$(TARGET_NAME)";
				PROVISIONING_PROFILE = "3a9f7978-259f-47c1-bdf5-5d2abbf66930";
				PROVISIONING_PROFILE_SPECIFIER = decruiter;
				SWIFT_VERSION = 4.2;
				TARGETED_DEVICE_FAMILY = "1,2";
				VERSIONING_SYSTEM = "apple-generic";
			};
			name = Debug;
		};
		2C380EEA2059A39B009B597F /* Release */ = {
			isa = XCBuildConfiguration;
			buildSettings = {
				ASSETCATALOG_COMPILER_APPICON_NAME = AppIcon;
				CODE_SIGN_ENTITLEMENTS = decruiter/decruiter.entitlements;
				CODE_SIGN_IDENTITY = "iPhone Distribution";
				CODE_SIGN_STYLE = Manual;
				CURRENT_PROJECT_VERSION = 9;
				DEVELOPMENT_TEAM = P44T5L7ZND;
				INFOPLIST_FILE = decruiter/Info.plist;
				IPHONEOS_DEPLOYMENT_TARGET = 11;
				LD_RUNPATH_SEARCH_PATHS = "$(inherited) @executable_path/Frameworks";
				PRODUCT_BUNDLE_IDENTIFIER = com.mrc5.decruiter;
				PRODUCT_NAME = "$(TARGET_NAME)";
				PROVISIONING_PROFILE = "4aadbf1b-2aa6-408c-ae42-43fde9f35b0f";
				PROVISIONING_PROFILE_SPECIFIER = "decruiter Release";
				SWIFT_VERSION = 4.2;
				TARGETED_DEVICE_FAMILY = "1,2";
				VERSIONING_SYSTEM = "apple-generic";
			};
			name = Release;
		};
		2C380EEC2059A39B009B597F /* Debug */ = {
			isa = XCBuildConfiguration;
			buildSettings = {
				ALWAYS_EMBED_SWIFT_STANDARD_LIBRARIES = YES;
				BUNDLE_LOADER = "$(TEST_HOST)";
				CODE_SIGN_STYLE = Automatic;
				DEVELOPMENT_TEAM = P44T5L7ZND;
				INFOPLIST_FILE = decruiterTests/Info.plist;
				LD_RUNPATH_SEARCH_PATHS = "$(inherited) @executable_path/Frameworks @loader_path/Frameworks";
				PRODUCT_BUNDLE_IDENTIFIER = com.decruiterTests;
				PRODUCT_NAME = "$(TARGET_NAME)";
				SWIFT_VERSION = 4.2;
				TARGETED_DEVICE_FAMILY = "1,2";
				TEST_HOST = "$(BUILT_PRODUCTS_DIR)/decruiter.app/decruiter";
			};
			name = Debug;
		};
		2C380EED2059A39B009B597F /* Release */ = {
			isa = XCBuildConfiguration;
			buildSettings = {
				ALWAYS_EMBED_SWIFT_STANDARD_LIBRARIES = YES;
				BUNDLE_LOADER = "$(TEST_HOST)";
				CODE_SIGN_STYLE = Automatic;
				DEVELOPMENT_TEAM = P44T5L7ZND;
				INFOPLIST_FILE = decruiterTests/Info.plist;
				LD_RUNPATH_SEARCH_PATHS = "$(inherited) @executable_path/Frameworks @loader_path/Frameworks";
				PRODUCT_BUNDLE_IDENTIFIER = com.decruiterTests;
				PRODUCT_NAME = "$(TARGET_NAME)";
				SWIFT_VERSION = 4.2;
				TARGETED_DEVICE_FAMILY = "1,2";
				TEST_HOST = "$(BUILT_PRODUCTS_DIR)/decruiter.app/decruiter";
			};
			name = Release;
		};
		2CBBD642205BCC68004B372F /* Debug */ = {
			isa = XCBuildConfiguration;
			buildSettings = {
				CODE_SIGN_STYLE = Automatic;
				DEVELOPMENT_TEAM = P44T5L7ZND;
				INFOPLIST_FILE = decruiterUITests/Info.plist;
				LD_RUNPATH_SEARCH_PATHS = "$(inherited) @executable_path/Frameworks @loader_path/Frameworks";
				PRODUCT_BUNDLE_IDENTIFIER = com.decruiterUITests;
				PRODUCT_NAME = "$(TARGET_NAME)";
				SWIFT_VERSION = 4.2;
				TARGETED_DEVICE_FAMILY = "1,2";
				TEST_TARGET_NAME = decruiter;
			};
			name = Debug;
		};
		2CBBD643205BCC68004B372F /* Release */ = {
			isa = XCBuildConfiguration;
			buildSettings = {
				CODE_SIGN_STYLE = Automatic;
				DEVELOPMENT_TEAM = P44T5L7ZND;
				INFOPLIST_FILE = decruiterUITests/Info.plist;
				LD_RUNPATH_SEARCH_PATHS = "$(inherited) @executable_path/Frameworks @loader_path/Frameworks";
				PRODUCT_BUNDLE_IDENTIFIER = com.decruiterUITests;
				PRODUCT_NAME = "$(TARGET_NAME)";
				SWIFT_VERSION = 4.2;
				TARGETED_DEVICE_FAMILY = "1,2";
				TEST_TARGET_NAME = decruiter;
			};
			name = Release;
		};
/* End XCBuildConfiguration section */

/* Begin XCConfigurationList section */
		2C380EC62059A39B009B597F /* Build configuration list for PBXProject "decruiter" */ = {
			isa = XCConfigurationList;
			buildConfigurations = (
				2C380EE62059A39B009B597F /* Debug */,
				2C380EE72059A39B009B597F /* Release */,
			);
			defaultConfigurationIsVisible = 0;
			defaultConfigurationName = Release;
		};
		2C380EE82059A39B009B597F /* Build configuration list for PBXNativeTarget "decruiter" */ = {
			isa = XCConfigurationList;
			buildConfigurations = (
				2C380EE92059A39B009B597F /* Debug */,
				2C380EEA2059A39B009B597F /* Release */,
			);
			defaultConfigurationIsVisible = 0;
			defaultConfigurationName = Release;
		};
		2C380EEB2059A39B009B597F /* Build configuration list for PBXNativeTarget "decruiterTests" */ = {
			isa = XCConfigurationList;
			buildConfigurations = (
				2C380EEC2059A39B009B597F /* Debug */,
				2C380EED2059A39B009B597F /* Release */,
			);
			defaultConfigurationIsVisible = 0;
			defaultConfigurationName = Release;
		};
		2CBBD644205BCC68004B372F /* Build configuration list for PBXNativeTarget "decruiterUITests" */ = {
			isa = XCConfigurationList;
			buildConfigurations = (
				2CBBD642205BCC68004B372F /* Debug */,
				2CBBD643205BCC68004B372F /* Release */,
			);
			defaultConfigurationIsVisible = 0;
			defaultConfigurationName = Release;
		};
/* End XCConfigurationList section */
	};
	rootObject = 2C380EC32059A39B009B597F /* Project object */;
}
